github.com/davecgh/go-spew v1.1.1 h1:vj9j/u1bqnvCEfJOwUhtlOARqs3+rkHYY13jYWTU97c=
github.com/davecgh/go-spew v1.1.1/go.mod h1:J7Y8YcW2NihsgmVo/mv3lAwl/skON4iLHjSsI+c5H38=
github.com/ebitengine/purego v0.3.2 h1:+pV+tskAkn/bxEcUzGtDfw2VAe3bRQ26kdzFjPPrCww=
github.com/ebitengine/purego v0.3.2/go.mod h1:iIjxzd6CiRiOG0UyXP+V1+jWqUXVjPKLAI0mRfJZTmQ=
github.com/hajimehoshi/oto/v2 v2.4.0 h1:2A8QvGJZ7nXwcfIIthaqWdzDn9Ul/er6oASiKcsfiLg=
github.com/hajimehoshi/oto/v2 v2.4.0/go.mod h1:74bRBgfJaEDpP3NyVyHIYBJE4DgzJ2IP5l/st5qcJog=
golang.org/x/sys v0.10.0 h1:SqMFp9UcQJZa+pmYuAKjd9xq1f0j5rLcDIk0mj4qAsA=
golang.org/x/sys v0.10.0/go.mod h1:oPkhp1MJrh7nUepCBck5+mAzfO9JrbApNNgaTdGDITg=
